
Microsoft Visual Studio Solution File, Format Version 12.00
# Visual Studio Version 17
VisualStudioVersion = 17.3.32825.248
MinimumVisualStudioVersion = 10.0.40219.1
Project("{FAE04EC0-301F-11D3-BF4B-00C04F79EFBC}") = "CallorieMapBL", "CallorieMapBL\CallorieMapBL.csproj", "{1D22741C-41B4-443A-A74E-59FE6923E063}"
EndProject
Project("{FAE04EC0-301F-11D3-BF4B-00C04F79EFBC}") = "CallorieMapUI", "CallorieMapUI\CallorieMapUI.csproj", "{67402E45-4632-42B8-A1DE-EFD65863025B}"
EndProject
Global
	GlobalSection(SolutionConfigurationPlatforms) = preSolution
		Debug|Any CPU = Debug|Any CPU
		Release|Any CPU = Release|Any CPU
	EndGlobalSection
	GlobalSection(ProjectConfigurationPlatforms) = postSolution
		{1D22741C-41B4-443A-A74E-59FE6923E063}.Debug|Any CPU.ActiveCfg = Debug|Any CPU
		{1D22741C-41B4-443A-A74E-59FE6923E063}.Debug|Any CPU.Build.0 = Debug|Any CPU
		{1D22741C-41B4-443A-A74E-59FE6923E063}.Release|Any CPU.ActiveCfg = Release|Any CPU
		{1D22741C-41B4-443A-A74E-59FE6923E063}.Release|Any CPU.Build.0 = Release|Any CPU
		{67402E45-4632-42B8-A1DE-EFD65863025B}.Debug|Any CPU.ActiveCfg = Debug|Any CPU
		{67402E45-4632-42B8-A1DE-EFD65863025B}.Debug|Any CPU.Build.0 = Debug|Any CPU
		{67402E45-4632-42B8-A1DE-EFD65863025B}.Release|Any CPU.ActiveCfg = Release|Any CPU
		{67402E45-4632-42B8-A1DE-EFD65863025B}.Release|Any CPU.Build.0 = Release|Any CPU
	EndGlobalSection
	GlobalSection(SolutionProperties) = preSolution
		HideSolutionNode = FALSE
	EndGlobalSection
	GlobalSection(ExtensibilityGlobals) = postSolution
		SolutionGuid = {946C049F-F49F-4A84-A4AC-12B59E0315B4}
	EndGlobalSection
EndGlobal
